
Microsoft Visual Studio Solution File, Format Version 12.00
# Visual Studio Version 17
VisualStudioVersion = 17.7.34031.279
MinimumVisualStudioVersion = 10.0.40219.1
Project("{FAE04EC0-301F-11D3-BF4B-00C04F79EFBC}") = "Test task", "Test task.csproj", "{91B3D79E-EB15-457F-8A21-854C7E1E0D77}"
EndProject
Global
	GlobalSection(SolutionConfigurationPlatforms) = preSolution
		Debug|Any CPU = Debug|Any CPU
		Release|Any CPU = Release|Any CPU
	EndGlobalSection
	GlobalSection(ProjectConfigurationPlatforms) = postSolution
		{91B3D79E-EB15-457F-8A21-854C7E1E0D77}.Debug|Any CPU.ActiveCfg = Debug|Any CPU
		{91B3D79E-EB15-457F-8A21-854C7E1E0D77}.Debug|Any CPU.Build.0 = Debug|Any CPU
		{91B3D79E-EB15-457F-8A21-854C7E1E0D77}.Release|Any CPU.ActiveCfg = Release|Any CPU
		{91B3D79E-EB15-457F-8A21-854C7E1E0D77}.Release|Any CPU.Build.0 = Release|Any CPU
	EndGlobalSection
	GlobalSection(SolutionProperties) = preSolution
		HideSolutionNode = FALSE
	EndGlobalSection
	GlobalSection(ExtensibilityGlobals) = postSolution
		SolutionGuid = {E47AD18C-D104-4760-AAAB-92BD5A3A9DAC}
	EndGlobalSection
EndGlobal
